{
  "requires": true,
  "lockfileVersion": 1,
  "dependencies": {
    "vue-class-component": {
      "version": "6.2.0",
      "resolved": "http://registry.npm.taobao.org/vue-class-component/download/vue-class-component-6.2.0.tgz",
      "integrity": "sha1-etsdqpqGjHXzD5fzP08blK7mIIk="
    },
    "vue-property-decorator": {
      "version": "7.0.0",
      "resolved": "http://registry.npm.taobao.org/vue-property-decorator/download/vue-property-decorator-7.0.0.tgz",
      "integrity": "sha1-RvU910HrhsOvCRuwSSQAxFDuvxk=",
      "requires": {
        "vue-class-component": "6.2.0"
      }
    }
  }
}
